
Microsoft Visual Studio Solution File, Format Version 12.00
# Visual Studio Version 16
VisualStudioVersion = 16.0.31911.196
MinimumVisualStudioVersion = 10.0.40219.1
Project("{FAE04EC0-301F-11D3-BF4B-00C04F79EFBC}") = "ExcelExport", "ExcelExport\ExcelExport.csproj", "{52EE40C8-099E-408F-996C-12DC709CC7D0}"
EndProject
Global
	GlobalSection(SolutionConfigurationPlatforms) = preSolution
		Debug|Any CPU = Debug|Any CPU
		Release|Any CPU = Release|Any CPU
	EndGlobalSection
	GlobalSection(ProjectConfigurationPlatforms) = postSolution
		{52EE40C8-099E-408F-996C-12DC709CC7D0}.Debug|Any CPU.ActiveCfg = Debug|Any CPU
		{52EE40C8-099E-408F-996C-12DC709CC7D0}.Debug|Any CPU.Build.0 = Debug|Any CPU
		{52EE40C8-099E-408F-996C-12DC709CC7D0}.Release|Any CPU.ActiveCfg = Release|Any CPU
		{52EE40C8-099E-408F-996C-12DC709CC7D0}.Release|Any CPU.Build.0 = Release|Any CPU
	EndGlobalSection
	GlobalSection(SolutionProperties) = preSolution
		HideSolutionNode = FALSE
	EndGlobalSection
	GlobalSection(ExtensibilityGlobals) = postSolution
		SolutionGuid = {7D93FB7E-1590-4AFA-A798-A7BE2DD1D65E}
	EndGlobalSection
EndGlobal
